{
  "requires": true,
  "lockfileVersion": 1,
  "dependencies": {
    "cm-chessboard": {
      "version": "2.13.9",
      "resolved": "https://registry.npmjs.org/cm-chessboard/-/cm-chessboard-2.13.9.tgz",
      "integrity": "sha512-H1ErU7UpiqAPFwN+9rcWpxd6PW5BdiTCTsD2Zc+TkcWjYAW5v+J2AeZXi1TTqK10tU/hXUkmX9BQU2Lyh0laJQ==",
      "requires": {
        "svjs-svg": "^1.1.10",
        "web-module-curator": "^1.1.3"
      }
    },
    "svjs-svg": {
      "version": "1.1.10",
      "resolved": "https://registry.npmjs.org/svjs-svg/-/svjs-svg-1.1.10.tgz",
      "integrity": "sha512-8At2Mz5Gc3HcHECQkzYLb3L4xHREF0PH+Rpk9NzGJg/Y8dsftl6j0RjeFwLKjmVDkSF0S21nbnbWPggZh3UqCg=="
    },
    "web-module-curator": {
      "version": "1.1.4",
      "resolved": "https://registry.npmjs.org/web-module-curator/-/web-module-curator-1.1.4.tgz",
      "integrity": "sha512-H+j3EzjcOon6VRJZd2M+e+4Nb8kRt0X8SH3j/hqG7c3EMzep+Od/ncxkk9+ot2+7AZGn8JyBuLYOUKTFx9m7Dw=="
    }
  }
}
